
Microsoft Visual Studio Solution File, Format Version 12.00
# Visual Studio Version 17
VisualStudioVersion = 17.1.32210.238
MinimumVisualStudioVersion = 10.0.40219.1
Project("{FAE04EC0-301F-11D3-BF4B-00C04F79EFBC}") = "CARepeatedString", "CARepeatedString\CARepeatedString.csproj", "{D5293151-A19B-4033-A0A1-0A0E36BB950E}"
EndProject
Global
	GlobalSection(SolutionConfigurationPlatforms) = preSolution
		Debug|Any CPU = Debug|Any CPU
		Release|Any CPU = Release|Any CPU
	EndGlobalSection
	GlobalSection(ProjectConfigurationPlatforms) = postSolution
		{D5293151-A19B-4033-A0A1-0A0E36BB950E}.Debug|Any CPU.ActiveCfg = Debug|Any CPU
		{D5293151-A19B-4033-A0A1-0A0E36BB950E}.Debug|Any CPU.Build.0 = Debug|Any CPU
		{D5293151-A19B-4033-A0A1-0A0E36BB950E}.Release|Any CPU.ActiveCfg = Release|Any CPU
		{D5293151-A19B-4033-A0A1-0A0E36BB950E}.Release|Any CPU.Build.0 = Release|Any CPU
	EndGlobalSection
	GlobalSection(SolutionProperties) = preSolution
		HideSolutionNode = FALSE
	EndGlobalSection
	GlobalSection(ExtensibilityGlobals) = postSolution
		SolutionGuid = {A4749A63-7E1D-4F57-9564-17669170D21D}
	EndGlobalSection
EndGlobal
